
Microsoft Visual Studio Solution File, Format Version 12.00
# Visual Studio 14
VisualStudioVersion = 14.0.25420.1
MinimumVisualStudioVersion = 10.0.40219.1
Project("{FAE04EC0-301F-11D3-BF4B-00C04F79EFBC}") = "OpenDutchLemmatizer", "OpenDutchLemmatizer\OpenDutchLemmatizer.csproj", "{691C1392-B664-4FFF-824E-C818D0BC2A50}"
EndProject
Project("{FAE04EC0-301F-11D3-BF4B-00C04F79EFBC}") = "OpenDutchLemmatizerTest", "OpenDutchLemmatizerTest\OpenDutchLemmatizerTest.csproj", "{14DB1CF2-E1C3-4D0D-89C1-FBFCAC7BD04B}"
EndProject
Project("{2150E333-8FDC-42A3-9474-1A3956D46DE8}") = "Solution Items", "Solution Items", "{24AC1821-DD7F-4497-B68E-9D2720F8F400}"
	ProjectSection(SolutionItems) = preProject
		README.md = README.md
	EndProjectSection
EndProject
Global
	GlobalSection(SolutionConfigurationPlatforms) = preSolution
		Debug|Any CPU = Debug|Any CPU
		Release|Any CPU = Release|Any CPU
	EndGlobalSection
	GlobalSection(ProjectConfigurationPlatforms) = postSolution
		{691C1392-B664-4FFF-824E-C818D0BC2A50}.Debug|Any CPU.ActiveCfg = Debug|Any CPU
		{691C1392-B664-4FFF-824E-C818D0BC2A50}.Debug|Any CPU.Build.0 = Debug|Any CPU
		{691C1392-B664-4FFF-824E-C818D0BC2A50}.Release|Any CPU.ActiveCfg = Release|Any CPU
		{691C1392-B664-4FFF-824E-C818D0BC2A50}.Release|Any CPU.Build.0 = Release|Any CPU
		{14DB1CF2-E1C3-4D0D-89C1-FBFCAC7BD04B}.Debug|Any CPU.ActiveCfg = Debug|Any CPU
		{14DB1CF2-E1C3-4D0D-89C1-FBFCAC7BD04B}.Debug|Any CPU.Build.0 = Debug|Any CPU
		{14DB1CF2-E1C3-4D0D-89C1-FBFCAC7BD04B}.Release|Any CPU.ActiveCfg = Release|Any CPU
		{14DB1CF2-E1C3-4D0D-89C1-FBFCAC7BD04B}.Release|Any CPU.Build.0 = Release|Any CPU
	EndGlobalSection
	GlobalSection(SolutionProperties) = preSolution
		HideSolutionNode = FALSE
	EndGlobalSection
EndGlobal
